{
  "requires": true,
  "lockfileVersion": 1,
  "dependencies": {
    "simple-uploader.js": {
      "version": "0.5.4",
      "resolved": "https://registry.npmjs.org/simple-uploader.js/-/simple-uploader.js-0.5.4.tgz",
      "integrity": "sha512-Dmysgp0wyKqGdnZ9qnxS7QTg/Hfr25GxKM2XlrEnmzSPFmKroFqzW4Qaq/AbJDBvXv4YPGqS3S5YfVI3UxAU0A=="
    },
    "vue-simple-uploader": {
      "version": "0.7.4",
      "resolved": "https://registry.npmjs.org/vue-simple-uploader/-/vue-simple-uploader-0.7.4.tgz",
      "integrity": "sha512-33uv07lkVj7m9gI7IIrQHAUcZkvl70g55lxnfnO/MZ8icwqiemW9Ah4ZexGWNrEfL1p6fV54PlOGICU17aBPFQ==",
      "requires": {
        "simple-uploader.js": "^0.5.4"
      }
    }
  }
}
